
Microsoft Visual Studio Solution File, Format Version 12.00
# Visual Studio Version 16
VisualStudioVersion = 16.0.29519.87
MinimumVisualStudioVersion = 10.0.40219.1
Project("{9A19103F-16F7-4668-BE54-9A1E7A4F7556}") = "Day 1 Solver", "Day 1 Solver\Day 1 Solver.csproj", "{2C72C91B-101F-465F-A5C7-2A02CAC4CEE4}"
EndProject
Project("{9A19103F-16F7-4668-BE54-9A1E7A4F7556}") = "AdventOfCode.Tests", "AdventOfCode.Tests\AdventOfCode.Tests.csproj", "{5ECFC8DF-331E-4500-8C05-6C29B6F671EB}"
EndProject
Project("{9A19103F-16F7-4668-BE54-9A1E7A4F7556}") = "Day 2 Solver", "Day 2 Solver\Day 2 Solver.csproj", "{280A0220-EF2E-4696-A91D-3BA62FD90156}"
EndProject
Project("{9A19103F-16F7-4668-BE54-9A1E7A4F7556}") = "Common", "Common\Common.csproj", "{000F9754-4E26-451F-BB8B-E666A5D7B2E6}"
EndProject
Project("{9A19103F-16F7-4668-BE54-9A1E7A4F7556}") = "Day 3 Solver", "Day 3 Solver\Day 3 Solver.csproj", "{0BD40C5E-6E78-4462-94DB-080CA11A472B}"
EndProject
Project("{9A19103F-16F7-4668-BE54-9A1E7A4F7556}") = "Day 4 Solver", "Day 4 Solver\Day 4 Solver.csproj", "{B62F32CD-124B-42A8-A2DE-9D0689FC7A10}"
EndProject
Project("{9A19103F-16F7-4668-BE54-9A1E7A4F7556}") = "Day 5 Solver", "Day 5 Solver\Day 5 Solver.csproj", "{71F5AF15-C464-4079-AC29-50CDEAEC0CB4}"
EndProject
Project("{9A19103F-16F7-4668-BE54-9A1E7A4F7556}") = "Day 6 Solver", "Day 6 Solver\Day 6 Solver.csproj", "{B1F992DB-178F-4BF5-A018-03B49B7C0346}"
EndProject
Project("{9A19103F-16F7-4668-BE54-9A1E7A4F7556}") = "Day 7 Solver", "Day 7 Solver\Day 7 Solver.csproj", "{972CC585-9882-4159-9AB6-8FFE0B9FBA69}"
EndProject
Global
	GlobalSection(SolutionConfigurationPlatforms) = preSolution
		Debug|Any CPU = Debug|Any CPU
		Release|Any CPU = Release|Any CPU
	EndGlobalSection
	GlobalSection(ProjectConfigurationPlatforms) = postSolution
		{2C72C91B-101F-465F-A5C7-2A02CAC4CEE4}.Debug|Any CPU.ActiveCfg = Debug|Any CPU
		{2C72C91B-101F-465F-A5C7-2A02CAC4CEE4}.Debug|Any CPU.Build.0 = Debug|Any CPU
		{2C72C91B-101F-465F-A5C7-2A02CAC4CEE4}.Release|Any CPU.ActiveCfg = Release|Any CPU
		{2C72C91B-101F-465F-A5C7-2A02CAC4CEE4}.Release|Any CPU.Build.0 = Release|Any CPU
		{5ECFC8DF-331E-4500-8C05-6C29B6F671EB}.Debug|Any CPU.ActiveCfg = Debug|Any CPU
		{5ECFC8DF-331E-4500-8C05-6C29B6F671EB}.Debug|Any CPU.Build.0 = Debug|Any CPU
		{5ECFC8DF-331E-4500-8C05-6C29B6F671EB}.Release|Any CPU.ActiveCfg = Release|Any CPU
		{5ECFC8DF-331E-4500-8C05-6C29B6F671EB}.Release|Any CPU.Build.0 = Release|Any CPU
		{280A0220-EF2E-4696-A91D-3BA62FD90156}.Debug|Any CPU.ActiveCfg = Debug|Any CPU
		{280A0220-EF2E-4696-A91D-3BA62FD90156}.Debug|Any CPU.Build.0 = Debug|Any CPU
		{280A0220-EF2E-4696-A91D-3BA62FD90156}.Release|Any CPU.ActiveCfg = Release|Any CPU
		{280A0220-EF2E-4696-A91D-3BA62FD90156}.Release|Any CPU.Build.0 = Release|Any CPU
		{000F9754-4E26-451F-BB8B-E666A5D7B2E6}.Debug|Any CPU.ActiveCfg = Debug|Any CPU
		{000F9754-4E26-451F-BB8B-E666A5D7B2E6}.Debug|Any CPU.Build.0 = Debug|Any CPU
		{000F9754-4E26-451F-BB8B-E666A5D7B2E6}.Release|Any CPU.ActiveCfg = Release|Any CPU
		{000F9754-4E26-451F-BB8B-E666A5D7B2E6}.Release|Any CPU.Build.0 = Release|Any CPU
		{0BD40C5E-6E78-4462-94DB-080CA11A472B}.Debug|Any CPU.ActiveCfg = Debug|Any CPU
		{0BD40C5E-6E78-4462-94DB-080CA11A472B}.Debug|Any CPU.Build.0 = Debug|Any CPU
		{0BD40C5E-6E78-4462-94DB-080CA11A472B}.Release|Any CPU.ActiveCfg = Release|Any CPU
		{0BD40C5E-6E78-4462-94DB-080CA11A472B}.Release|Any CPU.Build.0 = Release|Any CPU
		{B62F32CD-124B-42A8-A2DE-9D0689FC7A10}.Debug|Any CPU.ActiveCfg = Debug|Any CPU
		{B62F32CD-124B-42A8-A2DE-9D0689FC7A10}.Debug|Any CPU.Build.0 = Debug|Any CPU
		{B62F32CD-124B-42A8-A2DE-9D0689FC7A10}.Release|Any CPU.ActiveCfg = Release|Any CPU
		{B62F32CD-124B-42A8-A2DE-9D0689FC7A10}.Release|Any CPU.Build.0 = Release|Any CPU
		{71F5AF15-C464-4079-AC29-50CDEAEC0CB4}.Debug|Any CPU.ActiveCfg = Debug|Any CPU
		{71F5AF15-C464-4079-AC29-50CDEAEC0CB4}.Debug|Any CPU.Build.0 = Debug|Any CPU
		{71F5AF15-C464-4079-AC29-50CDEAEC0CB4}.Release|Any CPU.ActiveCfg = Release|Any CPU
		{71F5AF15-C464-4079-AC29-50CDEAEC0CB4}.Release|Any CPU.Build.0 = Release|Any CPU
		{B1F992DB-178F-4BF5-A018-03B49B7C0346}.Debug|Any CPU.ActiveCfg = Debug|Any CPU
		{B1F992DB-178F-4BF5-A018-03B49B7C0346}.Debug|Any CPU.Build.0 = Debug|Any CPU
		{B1F992DB-178F-4BF5-A018-03B49B7C0346}.Release|Any CPU.ActiveCfg = Release|Any CPU
		{B1F992DB-178F-4BF5-A018-03B49B7C0346}.Release|Any CPU.Build.0 = Release|Any CPU
		{972CC585-9882-4159-9AB6-8FFE0B9FBA69}.Debug|Any CPU.ActiveCfg = Debug|Any CPU
		{972CC585-9882-4159-9AB6-8FFE0B9FBA69}.Debug|Any CPU.Build.0 = Debug|Any CPU
		{972CC585-9882-4159-9AB6-8FFE0B9FBA69}.Release|Any CPU.ActiveCfg = Release|Any CPU
		{972CC585-9882-4159-9AB6-8FFE0B9FBA69}.Release|Any CPU.Build.0 = Release|Any CPU
	EndGlobalSection
	GlobalSection(SolutionProperties) = preSolution
		HideSolutionNode = FALSE
	EndGlobalSection
	GlobalSection(ExtensibilityGlobals) = postSolution
		SolutionGuid = {B4771DB9-84CB-416D-96B2-F0FE0914CF88}
	EndGlobalSection
EndGlobal
