
Microsoft Visual Studio Solution File, Format Version 12.00
# Visual Studio Version 16
VisualStudioVersion = 16.0.29519.87
MinimumVisualStudioVersion = 10.0.40219.1
Project("{9A19103F-16F7-4668-BE54-9A1E7A4F7556}") = "Day 01 Solver", "Day 1 Solver\Day 01 Solver.csproj", "{2C72C91B-101F-465F-A5C7-2A02CAC4CEE4}"
EndProject
Project("{9A19103F-16F7-4668-BE54-9A1E7A4F7556}") = "AdventOfCode.Tests", "AdventOfCode.Tests\AdventOfCode.Tests.csproj", "{5ECFC8DF-331E-4500-8C05-6C29B6F671EB}"
EndProject
Project("{9A19103F-16F7-4668-BE54-9A1E7A4F7556}") = "Day 02 Solver", "Day 2 Solver\Day 02 Solver.csproj", "{280A0220-EF2E-4696-A91D-3BA62FD90156}"
EndProject
Project("{9A19103F-16F7-4668-BE54-9A1E7A4F7556}") = "Common", "Common\Common.csproj", "{000F9754-4E26-451F-BB8B-E666A5D7B2E6}"
EndProject
Project("{9A19103F-16F7-4668-BE54-9A1E7A4F7556}") = "Day 03 Solver", "Day 3 Solver\Day 03 Solver.csproj", "{0BD40C5E-6E78-4462-94DB-080CA11A472B}"
EndProject
Project("{9A19103F-16F7-4668-BE54-9A1E7A4F7556}") = "Day 04 Solver", "Day 4 Solver\Day 04 Solver.csproj", "{B62F32CD-124B-42A8-A2DE-9D0689FC7A10}"
EndProject
Project("{9A19103F-16F7-4668-BE54-9A1E7A4F7556}") = "Day 05 Solver", "Day 5 Solver\Day 05 Solver.csproj", "{71F5AF15-C464-4079-AC29-50CDEAEC0CB4}"
EndProject
Project("{9A19103F-16F7-4668-BE54-9A1E7A4F7556}") = "Day 06 Solver", "Day 6 Solver\Day 06 Solver.csproj", "{B1F992DB-178F-4BF5-A018-03B49B7C0346}"
EndProject
Project("{9A19103F-16F7-4668-BE54-9A1E7A4F7556}") = "Day 07 Solver", "Day 7 Solver\Day 07 Solver.csproj", "{972CC585-9882-4159-9AB6-8FFE0B9FBA69}"
EndProject
Project("{9A19103F-16F7-4668-BE54-9A1E7A4F7556}") = "Day 08 Solver", "Day 8 Solver\Day 08 Solver.csproj", "{AB8B3C79-E0AD-4FC0-9621-7FEB5D616989}"
EndProject
Project("{9A19103F-16F7-4668-BE54-9A1E7A4F7556}") = "Day 09 Solver", "Day 09 Solver\Day 09 Solver.csproj", "{B0029C82-4A5E-47B0-825F-27B3C5A7B9A5}"
EndProject
Project("{9A19103F-16F7-4668-BE54-9A1E7A4F7556}") = "Day 10 Solver", "Day 10 Solver\Day 10 Solver.csproj", "{DB9841C0-F0C1-4A79-ACBA-812F07433DDF}"
EndProject
Project("{9A19103F-16F7-4668-BE54-9A1E7A4F7556}") = "Day 11 Solver", "Day 11 Solver\Day 11 Solver.csproj", "{FA3C141D-2E34-4C7D-8117-DFF7537F9B0C}"
EndProject
Project("{9A19103F-16F7-4668-BE54-9A1E7A4F7556}") = "Day 12 Solver", "Day 12 Solver\Day 12 Solver.csproj", "{AE5D4CDE-127D-4441-8AEB-F826C6EADFB5}"
EndProject
Project("{FAE04EC0-301F-11D3-BF4B-00C04F79EFBC}") = "Day 13 Solver", "Day 13 Solver\Day 13 Solver.csproj", "{0578DC47-3709-4E7A-9E16-B83349E0F21F}"
EndProject
Project("{FAE04EC0-301F-11D3-BF4B-00C04F79EFBC}") = "Day 14 Solver", "Day 14 Solver\Day 14 Solver.csproj", "{E890A21C-3D23-4195-B6FE-64B3F17CFFEB}"
EndProject
Project("{FAE04EC0-301F-11D3-BF4B-00C04F79EFBC}") = "Day 15 Solver", "Day 15 Solver\Day 15 Solver.csproj", "{8F9D8700-1515-4C00-9E9C-F9D2D2ABC701}"
EndProject
Project("{FAE04EC0-301F-11D3-BF4B-00C04F79EFBC}") = "Day 16 Solver", "Day 16 Solver\Day 16 Solver.csproj", "{9F620745-C7B4-447A-BF8C-7AF61B49AEEE}"
EndProject
Project("{FAE04EC0-301F-11D3-BF4B-00C04F79EFBC}") = "Day 17 Solver", "Day 17 Solver\Day 17 Solver.csproj", "{53305F7D-0ADC-4BF4-A2FD-2EE46905943F}"
EndProject
Project("{FAE04EC0-301F-11D3-BF4B-00C04F79EFBC}") = "Day 18 Solver", "Day 18 Solver\Day 18 Solver.csproj", "{03E364BE-D4C3-459A-94E5-C87E7A9DFECB}"
EndProject
Project("{FAE04EC0-301F-11D3-BF4B-00C04F79EFBC}") = "Day 19 Solver", "Day 19 Solver\Day 19 Solver.csproj", "{B53419E3-C60B-41F4-9FAD-E67031546FA8}"
EndProject
Project("{FAE04EC0-301F-11D3-BF4B-00C04F79EFBC}") = "Day 20 Solver", "Day 20 Solver\Day 20 Solver.csproj", "{B22D0FFC-0350-4704-92EF-B8E73B93AE3B}"
EndProject
Project("{FAE04EC0-301F-11D3-BF4B-00C04F79EFBC}") = "Day 21 Solver", "Day 21 Solver\Day 21 Solver.csproj", "{CD6A8DC1-118F-4C0A-9B93-65FAFEAEBFAE}"
EndProject
Project("{FAE04EC0-301F-11D3-BF4B-00C04F79EFBC}") = "Day 22 Solver", "Day 22 Solver\Day 22 Solver.csproj", "{E8C706BE-2932-4F3F-89BF-70C59E9B40BB}"
EndProject
Project("{FAE04EC0-301F-11D3-BF4B-00C04F79EFBC}") = "Day 23 Solver", "Day 23 Solver\Day 23 Solver.csproj", "{CC2D4AE2-2018-46C6-89AF-6174C16D862A}"
EndProject
Project("{FAE04EC0-301F-11D3-BF4B-00C04F79EFBC}") = "Day 24 Solver", "Day 24 Solver\Day 24 Solver.csproj", "{701C93F2-4A0C-46D2-BA09-82ED096AE1D7}"
EndProject
Project("{FAE04EC0-301F-11D3-BF4B-00C04F79EFBC}") = "Day 25 Solver", "Day 25 Solver\Day 25 Solver.csproj", "{FD4ADB67-AA5E-4929-894B-6EBD5DDBF730}"
EndProject
Global
	GlobalSection(SolutionConfigurationPlatforms) = preSolution
		Debug|Any CPU = Debug|Any CPU
		Release|Any CPU = Release|Any CPU
	EndGlobalSection
	GlobalSection(ProjectConfigurationPlatforms) = postSolution
		{2C72C91B-101F-465F-A5C7-2A02CAC4CEE4}.Debug|Any CPU.ActiveCfg = Debug|Any CPU
		{2C72C91B-101F-465F-A5C7-2A02CAC4CEE4}.Debug|Any CPU.Build.0 = Debug|Any CPU
		{2C72C91B-101F-465F-A5C7-2A02CAC4CEE4}.Release|Any CPU.ActiveCfg = Release|Any CPU
		{2C72C91B-101F-465F-A5C7-2A02CAC4CEE4}.Release|Any CPU.Build.0 = Release|Any CPU
		{5ECFC8DF-331E-4500-8C05-6C29B6F671EB}.Debug|Any CPU.ActiveCfg = Debug|Any CPU
		{5ECFC8DF-331E-4500-8C05-6C29B6F671EB}.Debug|Any CPU.Build.0 = Debug|Any CPU
		{5ECFC8DF-331E-4500-8C05-6C29B6F671EB}.Release|Any CPU.ActiveCfg = Release|Any CPU
		{5ECFC8DF-331E-4500-8C05-6C29B6F671EB}.Release|Any CPU.Build.0 = Release|Any CPU
		{280A0220-EF2E-4696-A91D-3BA62FD90156}.Debug|Any CPU.ActiveCfg = Debug|Any CPU
		{280A0220-EF2E-4696-A91D-3BA62FD90156}.Debug|Any CPU.Build.0 = Debug|Any CPU
		{280A0220-EF2E-4696-A91D-3BA62FD90156}.Release|Any CPU.ActiveCfg = Release|Any CPU
		{280A0220-EF2E-4696-A91D-3BA62FD90156}.Release|Any CPU.Build.0 = Release|Any CPU
		{000F9754-4E26-451F-BB8B-E666A5D7B2E6}.Debug|Any CPU.ActiveCfg = Debug|Any CPU
		{000F9754-4E26-451F-BB8B-E666A5D7B2E6}.Debug|Any CPU.Build.0 = Debug|Any CPU
		{000F9754-4E26-451F-BB8B-E666A5D7B2E6}.Release|Any CPU.ActiveCfg = Release|Any CPU
		{000F9754-4E26-451F-BB8B-E666A5D7B2E6}.Release|Any CPU.Build.0 = Release|Any CPU
		{0BD40C5E-6E78-4462-94DB-080CA11A472B}.Debug|Any CPU.ActiveCfg = Debug|Any CPU
		{0BD40C5E-6E78-4462-94DB-080CA11A472B}.Debug|Any CPU.Build.0 = Debug|Any CPU
		{0BD40C5E-6E78-4462-94DB-080CA11A472B}.Release|Any CPU.ActiveCfg = Release|Any CPU
		{0BD40C5E-6E78-4462-94DB-080CA11A472B}.Release|Any CPU.Build.0 = Release|Any CPU
		{B62F32CD-124B-42A8-A2DE-9D0689FC7A10}.Debug|Any CPU.ActiveCfg = Debug|Any CPU
		{B62F32CD-124B-42A8-A2DE-9D0689FC7A10}.Debug|Any CPU.Build.0 = Debug|Any CPU
		{B62F32CD-124B-42A8-A2DE-9D0689FC7A10}.Release|Any CPU.ActiveCfg = Release|Any CPU
		{B62F32CD-124B-42A8-A2DE-9D0689FC7A10}.Release|Any CPU.Build.0 = Release|Any CPU
		{71F5AF15-C464-4079-AC29-50CDEAEC0CB4}.Debug|Any CPU.ActiveCfg = Debug|Any CPU
		{71F5AF15-C464-4079-AC29-50CDEAEC0CB4}.Debug|Any CPU.Build.0 = Debug|Any CPU
		{71F5AF15-C464-4079-AC29-50CDEAEC0CB4}.Release|Any CPU.ActiveCfg = Release|Any CPU
		{71F5AF15-C464-4079-AC29-50CDEAEC0CB4}.Release|Any CPU.Build.0 = Release|Any CPU
		{B1F992DB-178F-4BF5-A018-03B49B7C0346}.Debug|Any CPU.ActiveCfg = Debug|Any CPU
		{B1F992DB-178F-4BF5-A018-03B49B7C0346}.Debug|Any CPU.Build.0 = Debug|Any CPU
		{B1F992DB-178F-4BF5-A018-03B49B7C0346}.Release|Any CPU.ActiveCfg = Release|Any CPU
		{B1F992DB-178F-4BF5-A018-03B49B7C0346}.Release|Any CPU.Build.0 = Release|Any CPU
		{972CC585-9882-4159-9AB6-8FFE0B9FBA69}.Debug|Any CPU.ActiveCfg = Debug|Any CPU
		{972CC585-9882-4159-9AB6-8FFE0B9FBA69}.Debug|Any CPU.Build.0 = Debug|Any CPU
		{972CC585-9882-4159-9AB6-8FFE0B9FBA69}.Release|Any CPU.ActiveCfg = Release|Any CPU
		{972CC585-9882-4159-9AB6-8FFE0B9FBA69}.Release|Any CPU.Build.0 = Release|Any CPU
		{AB8B3C79-E0AD-4FC0-9621-7FEB5D616989}.Debug|Any CPU.ActiveCfg = Debug|Any CPU
		{AB8B3C79-E0AD-4FC0-9621-7FEB5D616989}.Debug|Any CPU.Build.0 = Debug|Any CPU
		{AB8B3C79-E0AD-4FC0-9621-7FEB5D616989}.Release|Any CPU.ActiveCfg = Release|Any CPU
		{AB8B3C79-E0AD-4FC0-9621-7FEB5D616989}.Release|Any CPU.Build.0 = Release|Any CPU
		{B0029C82-4A5E-47B0-825F-27B3C5A7B9A5}.Debug|Any CPU.ActiveCfg = Debug|Any CPU
		{B0029C82-4A5E-47B0-825F-27B3C5A7B9A5}.Debug|Any CPU.Build.0 = Debug|Any CPU
		{B0029C82-4A5E-47B0-825F-27B3C5A7B9A5}.Release|Any CPU.ActiveCfg = Release|Any CPU
		{B0029C82-4A5E-47B0-825F-27B3C5A7B9A5}.Release|Any CPU.Build.0 = Release|Any CPU
		{DB9841C0-F0C1-4A79-ACBA-812F07433DDF}.Debug|Any CPU.ActiveCfg = Debug|Any CPU
		{DB9841C0-F0C1-4A79-ACBA-812F07433DDF}.Debug|Any CPU.Build.0 = Debug|Any CPU
		{DB9841C0-F0C1-4A79-ACBA-812F07433DDF}.Release|Any CPU.ActiveCfg = Release|Any CPU
		{DB9841C0-F0C1-4A79-ACBA-812F07433DDF}.Release|Any CPU.Build.0 = Release|Any CPU
		{FA3C141D-2E34-4C7D-8117-DFF7537F9B0C}.Debug|Any CPU.ActiveCfg = Debug|Any CPU
		{FA3C141D-2E34-4C7D-8117-DFF7537F9B0C}.Debug|Any CPU.Build.0 = Debug|Any CPU
		{FA3C141D-2E34-4C7D-8117-DFF7537F9B0C}.Release|Any CPU.ActiveCfg = Release|Any CPU
		{FA3C141D-2E34-4C7D-8117-DFF7537F9B0C}.Release|Any CPU.Build.0 = Release|Any CPU
		{AE5D4CDE-127D-4441-8AEB-F826C6EADFB5}.Debug|Any CPU.ActiveCfg = Debug|Any CPU
		{AE5D4CDE-127D-4441-8AEB-F826C6EADFB5}.Debug|Any CPU.Build.0 = Debug|Any CPU
		{AE5D4CDE-127D-4441-8AEB-F826C6EADFB5}.Release|Any CPU.ActiveCfg = Release|Any CPU
		{AE5D4CDE-127D-4441-8AEB-F826C6EADFB5}.Release|Any CPU.Build.0 = Release|Any CPU
		{0578DC47-3709-4E7A-9E16-B83349E0F21F}.Debug|Any CPU.ActiveCfg = Debug|Any CPU
		{0578DC47-3709-4E7A-9E16-B83349E0F21F}.Debug|Any CPU.Build.0 = Debug|Any CPU
		{0578DC47-3709-4E7A-9E16-B83349E0F21F}.Release|Any CPU.ActiveCfg = Release|Any CPU
		{0578DC47-3709-4E7A-9E16-B83349E0F21F}.Release|Any CPU.Build.0 = Release|Any CPU
		{E890A21C-3D23-4195-B6FE-64B3F17CFFEB}.Debug|Any CPU.ActiveCfg = Debug|Any CPU
		{E890A21C-3D23-4195-B6FE-64B3F17CFFEB}.Debug|Any CPU.Build.0 = Debug|Any CPU
		{E890A21C-3D23-4195-B6FE-64B3F17CFFEB}.Release|Any CPU.ActiveCfg = Release|Any CPU
		{E890A21C-3D23-4195-B6FE-64B3F17CFFEB}.Release|Any CPU.Build.0 = Release|Any CPU
		{8F9D8700-1515-4C00-9E9C-F9D2D2ABC701}.Debug|Any CPU.ActiveCfg = Debug|Any CPU
		{8F9D8700-1515-4C00-9E9C-F9D2D2ABC701}.Debug|Any CPU.Build.0 = Debug|Any CPU
		{8F9D8700-1515-4C00-9E9C-F9D2D2ABC701}.Release|Any CPU.ActiveCfg = Release|Any CPU
		{8F9D8700-1515-4C00-9E9C-F9D2D2ABC701}.Release|Any CPU.Build.0 = Release|Any CPU
		{9F620745-C7B4-447A-BF8C-7AF61B49AEEE}.Debug|Any CPU.ActiveCfg = Debug|Any CPU
		{9F620745-C7B4-447A-BF8C-7AF61B49AEEE}.Debug|Any CPU.Build.0 = Debug|Any CPU
		{9F620745-C7B4-447A-BF8C-7AF61B49AEEE}.Release|Any CPU.ActiveCfg = Release|Any CPU
		{9F620745-C7B4-447A-BF8C-7AF61B49AEEE}.Release|Any CPU.Build.0 = Release|Any CPU
		{53305F7D-0ADC-4BF4-A2FD-2EE46905943F}.Debug|Any CPU.ActiveCfg = Debug|Any CPU
		{53305F7D-0ADC-4BF4-A2FD-2EE46905943F}.Debug|Any CPU.Build.0 = Debug|Any CPU
		{53305F7D-0ADC-4BF4-A2FD-2EE46905943F}.Release|Any CPU.ActiveCfg = Release|Any CPU
		{53305F7D-0ADC-4BF4-A2FD-2EE46905943F}.Release|Any CPU.Build.0 = Release|Any CPU
		{03E364BE-D4C3-459A-94E5-C87E7A9DFECB}.Debug|Any CPU.ActiveCfg = Debug|Any CPU
		{03E364BE-D4C3-459A-94E5-C87E7A9DFECB}.Debug|Any CPU.Build.0 = Debug|Any CPU
		{03E364BE-D4C3-459A-94E5-C87E7A9DFECB}.Release|Any CPU.ActiveCfg = Release|Any CPU
		{03E364BE-D4C3-459A-94E5-C87E7A9DFECB}.Release|Any CPU.Build.0 = Release|Any CPU
		{B53419E3-C60B-41F4-9FAD-E67031546FA8}.Debug|Any CPU.ActiveCfg = Debug|Any CPU
		{B53419E3-C60B-41F4-9FAD-E67031546FA8}.Debug|Any CPU.Build.0 = Debug|Any CPU
		{B53419E3-C60B-41F4-9FAD-E67031546FA8}.Release|Any CPU.ActiveCfg = Release|Any CPU
		{B53419E3-C60B-41F4-9FAD-E67031546FA8}.Release|Any CPU.Build.0 = Release|Any CPU
		{B22D0FFC-0350-4704-92EF-B8E73B93AE3B}.Debug|Any CPU.ActiveCfg = Debug|Any CPU
		{B22D0FFC-0350-4704-92EF-B8E73B93AE3B}.Debug|Any CPU.Build.0 = Debug|Any CPU
		{B22D0FFC-0350-4704-92EF-B8E73B93AE3B}.Release|Any CPU.ActiveCfg = Release|Any CPU
		{B22D0FFC-0350-4704-92EF-B8E73B93AE3B}.Release|Any CPU.Build.0 = Release|Any CPU
		{CD6A8DC1-118F-4C0A-9B93-65FAFEAEBFAE}.Debug|Any CPU.ActiveCfg = Debug|Any CPU
		{CD6A8DC1-118F-4C0A-9B93-65FAFEAEBFAE}.Debug|Any CPU.Build.0 = Debug|Any CPU
		{CD6A8DC1-118F-4C0A-9B93-65FAFEAEBFAE}.Release|Any CPU.ActiveCfg = Release|Any CPU
		{CD6A8DC1-118F-4C0A-9B93-65FAFEAEBFAE}.Release|Any CPU.Build.0 = Release|Any CPU
		{E8C706BE-2932-4F3F-89BF-70C59E9B40BB}.Debug|Any CPU.ActiveCfg = Debug|Any CPU
		{E8C706BE-2932-4F3F-89BF-70C59E9B40BB}.Debug|Any CPU.Build.0 = Debug|Any CPU
		{E8C706BE-2932-4F3F-89BF-70C59E9B40BB}.Release|Any CPU.ActiveCfg = Release|Any CPU
		{E8C706BE-2932-4F3F-89BF-70C59E9B40BB}.Release|Any CPU.Build.0 = Release|Any CPU
		{CC2D4AE2-2018-46C6-89AF-6174C16D862A}.Debug|Any CPU.ActiveCfg = Debug|Any CPU
		{CC2D4AE2-2018-46C6-89AF-6174C16D862A}.Debug|Any CPU.Build.0 = Debug|Any CPU
		{CC2D4AE2-2018-46C6-89AF-6174C16D862A}.Release|Any CPU.ActiveCfg = Release|Any CPU
		{CC2D4AE2-2018-46C6-89AF-6174C16D862A}.Release|Any CPU.Build.0 = Release|Any CPU
		{701C93F2-4A0C-46D2-BA09-82ED096AE1D7}.Debug|Any CPU.ActiveCfg = Debug|Any CPU
		{701C93F2-4A0C-46D2-BA09-82ED096AE1D7}.Debug|Any CPU.Build.0 = Debug|Any CPU
		{701C93F2-4A0C-46D2-BA09-82ED096AE1D7}.Release|Any CPU.ActiveCfg = Release|Any CPU
		{701C93F2-4A0C-46D2-BA09-82ED096AE1D7}.Release|Any CPU.Build.0 = Release|Any CPU
		{FD4ADB67-AA5E-4929-894B-6EBD5DDBF730}.Debug|Any CPU.ActiveCfg = Debug|Any CPU
		{FD4ADB67-AA5E-4929-894B-6EBD5DDBF730}.Debug|Any CPU.Build.0 = Debug|Any CPU
		{FD4ADB67-AA5E-4929-894B-6EBD5DDBF730}.Release|Any CPU.ActiveCfg = Release|Any CPU
		{FD4ADB67-AA5E-4929-894B-6EBD5DDBF730}.Release|Any CPU.Build.0 = Release|Any CPU
	EndGlobalSection
	GlobalSection(SolutionProperties) = preSolution
		HideSolutionNode = FALSE
	EndGlobalSection
	GlobalSection(ExtensibilityGlobals) = postSolution
		SolutionGuid = {B4771DB9-84CB-416D-96B2-F0FE0914CF88}
	EndGlobalSection
EndGlobal
